<?xml version="1.0" encoding="utf-8"?>
<Project ToolsVersion="4.0" xmlns="http://schemas.microsoft.com/developer/msbuild/2003">
  <ItemGroup>
    <Filter Include="源文件">
      <UniqueIdentifier>{4FC737F1-C7A5-4376-A066-2A32D752A2FF}</UniqueIdentifier>
      <Extensions>cpp;c;cc;cxx;def;odl;idl;hpj;bat;asm;asmx</Extensions>
    </Filter>
    <Filter Include="资源文件">
      <UniqueIdentifier>{67DA6AB6-F800-4c08-8B7A-83BB121AAD01}</UniqueIdentifier>
      <Extensions>rc;ico;cur;bmp;dlg;rc2;rct;bin;rgs;gif;jpg;jpeg;jpe;resx;tiff;tif;png;wav;mfcribbon-ms</Extensions>
    </Filter>
    <Filter Include="源文件\netcdf">
      <UniqueIdentifier>{308bfc17-7e08-4b57-a9ca-d3c100078995}</UniqueIdentifier>
    </Filter>
    <Filter Include="头文件">
      <UniqueIdentifier>{93995380-89BD-4b04-88EB-625FBE52EBFB}</UniqueIdentifier>
      <Extensions>h;hh;hpp;hxx;hm;inl;inc;ipp;xsd</Extensions>
    </Filter>
    <Filter Include="头文件\%40MeshUnion">
      <UniqueIdentifier>{30825ee5-a948-4cfa-98a6-859b3ba7b5bc}</UniqueIdentifier>
    </Filter>
    <Filter Include="源文件\MeshUnion">
      <UniqueIdentifier>{a9daa053-5333-47b5-ab22-76add35214e9}</UniqueIdentifier>
    </Filter>
  </ItemGroup>
  <ItemGroup>
    <ClCompile Include="main.cpp">
      <Filter>源文件</Filter>
    </ClCompile>
    <ClCompile Include="ncCheck.cpp">
      <Filter>源文件\netcdf</Filter>
    </ClCompile>
    <ClCompile Include="ncFile.cpp">
      <Filter>源文件\netcdf</Filter>
    </ClCompile>
    <ClCompile Include="ncAtt.cpp">
      <Filter>源文件\netcdf</Filter>
    </ClCompile>
    <ClCompile Include="ncByte.cpp">
      <Filter>源文件\netcdf</Filter>
    </ClCompile>
    <ClCompile Include="ncChar.cpp">
      <Filter>源文件\netcdf</Filter>
    </ClCompile>
    <ClCompile Include="ncCompoundType.cpp">
      <Filter>源文件\netcdf</Filter>
    </ClCompile>
    <ClCompile Include="ncDim.cpp">
      <Filter>源文件\netcdf</Filter>
    </ClCompile>
    <ClCompile Include="ncDouble.cpp">
      <Filter>源文件\netcdf</Filter>
    </ClCompile>
    <ClCompile Include="ncEnumType.cpp">
      <Filter>源文件\netcdf</Filter>
    </ClCompile>
    <ClCompile Include="ncException.cpp">
      <Filter>源文件\netcdf</Filter>
    </ClCompile>
    <ClCompile Include="ncFloat.cpp">
      <Filter>源文件\netcdf</Filter>
    </ClCompile>
    <ClCompile Include="ncGroup.cpp">
      <Filter>源文件\netcdf</Filter>
    </ClCompile>
    <ClCompile Include="ncGroupAtt.cpp">
      <Filter>源文件\netcdf</Filter>
    </ClCompile>
    <ClCompile Include="ncInt.cpp">
      <Filter>源文件\netcdf</Filter>
    </ClCompile>
    <ClCompile Include="ncInt64.cpp">
      <Filter>源文件\netcdf</Filter>
    </ClCompile>
    <ClCompile Include="ncOpaqueType.cpp">
      <Filter>源文件\netcdf</Filter>
    </ClCompile>
    <ClCompile Include="ncShort.cpp">
      <Filter>源文件\netcdf</Filter>
    </ClCompile>
    <ClCompile Include="ncString.cpp">
      <Filter>源文件\netcdf</Filter>
    </ClCompile>
    <ClCompile Include="ncType.cpp">
      <Filter>源文件\netcdf</Filter>
    </ClCompile>
    <ClCompile Include="ncUbyte.cpp">
      <Filter>源文件\netcdf</Filter>
    </ClCompile>
    <ClCompile Include="ncUint.cpp">
      <Filter>源文件\netcdf</Filter>
    </ClCompile>
    <ClCompile Include="ncUint64.cpp">
      <Filter>源文件\netcdf</Filter>
    </ClCompile>
    <ClCompile Include="ncUshort.cpp">
      <Filter>源文件\netcdf</Filter>
    </ClCompile>
    <ClCompile Include="ncVar.cpp">
      <Filter>源文件\netcdf</Filter>
    </ClCompile>
    <ClCompile Include="ncVarAtt.cpp">
      <Filter>源文件\netcdf</Filter>
    </ClCompile>
    <ClCompile Include="ncVlenType.cpp">
      <Filter>源文件\netcdf</Filter>
    </ClCompile>
    <ClCompile Include="MeshUnion.cpp">
      <Filter>源文件\MeshUnion</Filter>
    </ClCompile>
    <ClCompile Include="MeshUnion_dim.cpp">
      <Filter>源文件\MeshUnion</Filter>
    </ClCompile>
    <ClCompile Include="BoundaryEdge.cpp">
      <Filter>源文件\MeshUnion</Filter>
    </ClCompile>
    <ClCompile Include="InnerEdge.cpp">
      <Filter>源文件\MeshUnion</Filter>
    </ClCompile>
    <ClCompile Include="Icell.cpp">
      <Filter>源文件\MeshUnion</Filter>
    </ClCompile>
    <ClCompile Include="Cell.cpp">
      <Filter>源文件\MeshUnion</Filter>
    </ClCompile>
    <ClCompile Include="Bcell.cpp">
      <Filter>源文件\MeshUnion</Filter>
    </ClCompile>
  </ItemGroup>
  <ItemGroup>
    <ClInclude Include="MeshUnion.h">
      <Filter>头文件\%40MeshUnion</Filter>
    </ClInclude>
    <ClInclude Include="MeshUnion_dim.h">
      <Filter>头文件\%40MeshUnion</Filter>
    </ClInclude>
    <ClInclude Include="BoundaryEdge.h">
      <Filter>头文件\%40MeshUnion</Filter>
    </ClInclude>
    <ClInclude Include="InnerEdge.h">
      <Filter>头文件\%40MeshUnion</Filter>
    </ClInclude>
    <ClInclude Include="Icell.h">
      <Filter>头文件\%40MeshUnion</Filter>
    </ClInclude>
    <ClInclude Include="Cell.h">
      <Filter>头文件\%40MeshUnion</Filter>
    </ClInclude>
    <ClInclude Include="Bcell.h">
      <Filter>头文件\%40MeshUnion</Filter>
    </ClInclude>
  </ItemGroup>
</Project>